
Microsoft Visual Studio Solution File, Format Version 12.00
# Visual Studio Version 16
VisualStudioVersion = 16.0.33130.400
MinimumVisualStudioVersion = 10.0.40219.1
Project("{FAE04EC0-301F-11D3-BF4B-00C04F79EFBC}") = "HomeWork", "HomeWork\HomeWork.csproj", "{DCEF5CB9-314A-4673-97F1-DEB7D78BA122}"
EndProject
Global
	GlobalSection(SolutionConfigurationPlatforms) = preSolution
		Debug|Any CPU = Debug|Any CPU
		Release|Any CPU = Release|Any CPU
	EndGlobalSection
	GlobalSection(ProjectConfigurationPlatforms) = postSolution
		{DCEF5CB9-314A-4673-97F1-DEB7D78BA122}.Debug|Any CPU.ActiveCfg = Debug|Any CPU
		{DCEF5CB9-314A-4673-97F1-DEB7D78BA122}.Debug|Any CPU.Build.0 = Debug|Any CPU
		{DCEF5CB9-314A-4673-97F1-DEB7D78BA122}.Release|Any CPU.ActiveCfg = Release|Any CPU
		{DCEF5CB9-314A-4673-97F1-DEB7D78BA122}.Release|Any CPU.Build.0 = Release|Any CPU
	EndGlobalSection
	GlobalSection(SolutionProperties) = preSolution
		HideSolutionNode = FALSE
	EndGlobalSection
	GlobalSection(ExtensibilityGlobals) = postSolution
		SolutionGuid = {F1AE8505-A896-4292-9633-7349B2FA2A7E}
	EndGlobalSection
EndGlobal
